
Microsoft Visual Studio Solution File, Format Version 11.00
# Visual C++ Express 2010
Project("{8BC9CEB8-8B4A-11D0-8D11-00A0C91BC942}") = "Recursiontester", "Recursiontester\Recursiontester.vcxproj", "{D0F1A1B3-8C83-40E8-852A-50977CF6C57B}"
EndProject
Global
	GlobalSection(SolutionConfigurationPlatforms) = preSolution
		Debug|Win32 = Debug|Win32
		Release|Win32 = Release|Win32
	EndGlobalSection
	GlobalSection(ProjectConfigurationPlatforms) = postSolution
		{D0F1A1B3-8C83-40E8-852A-50977CF6C57B}.Debug|Win32.ActiveCfg = Debug|Win32
		{D0F1A1B3-8C83-40E8-852A-50977CF6C57B}.Debug|Win32.Build.0 = Debug|Win32
		{D0F1A1B3-8C83-40E8-852A-50977CF6C57B}.Release|Win32.ActiveCfg = Release|Win32
		{D0F1A1B3-8C83-40E8-852A-50977CF6C57B}.Release|Win32.Build.0 = Release|Win32
	EndGlobalSection
	GlobalSection(SolutionProperties) = preSolution
		HideSolutionNode = FALSE
	EndGlobalSection
EndGlobal
